
Microsoft Visual Studio Solution File, Format Version 12.00
# Visual Studio Version 16
VisualStudioVersion = 16.0.29905.134
MinimumVisualStudioVersion = 10.0.40219.1
Project("{FAE04EC0-301F-11D3-BF4B-00C04F79EFBC}") = "TestSiteMapAnalysis", "TestSiteMapAnalysis\TestSiteMapAnalysis.csproj", "{D1174AE6-42E5-4977-A2A5-E5499B361170}"
EndProject
Global
	GlobalSection(SolutionConfigurationPlatforms) = preSolution
		Debug|Any CPU = Debug|Any CPU
		Release|Any CPU = Release|Any CPU
	EndGlobalSection
	GlobalSection(ProjectConfigurationPlatforms) = postSolution
		{D1174AE6-42E5-4977-A2A5-E5499B361170}.Debug|Any CPU.ActiveCfg = Debug|Any CPU
		{D1174AE6-42E5-4977-A2A5-E5499B361170}.Debug|Any CPU.Build.0 = Debug|Any CPU
		{D1174AE6-42E5-4977-A2A5-E5499B361170}.Release|Any CPU.ActiveCfg = Release|Any CPU
		{D1174AE6-42E5-4977-A2A5-E5499B361170}.Release|Any CPU.Build.0 = Release|Any CPU
	EndGlobalSection
	GlobalSection(SolutionProperties) = preSolution
		HideSolutionNode = FALSE
	EndGlobalSection
	GlobalSection(ExtensibilityGlobals) = postSolution
		SolutionGuid = {D27473A0-E073-4C8D-8F09-7D92FE5E5560}
	EndGlobalSection
EndGlobal
